// !$*UTF8*$!
{
	archiveVersion = 1;
	classes = {
	};
	objectVersion = 50;
	objects = {

/* Begin PBXBuildFile section */
		9CB2B11221ED2019003457F3 /* AppDelegate.m in Sources */ = {isa = PBXBuildFile; fileRef = 9CB2B11121ED2019003457F3 /* AppDelegate.m */; };
		9CB2B11521ED2019003457F3 /* LoginViewController.m in Sources */ = {isa = PBXBuildFile; fileRef = 9CB2B11421ED2019003457F3 /* LoginViewController.m */; };
		9CB2B11821ED2019003457F3 /* Main.storyboard in Resources */ = {isa = PBXBuildFile; fileRef = 9CB2B11621ED2019003457F3 /* Main.storyboard */; };
		9CB2B11A21ED201B003457F3 /* Assets.xcassets in Resources */ = {isa = PBXBuildFile; fileRef = 9CB2B11921ED201B003457F3 /* Assets.xcassets */; };
		9CB2B11D21ED201B003457F3 /* LaunchScreen.storyboard in Resources */ = {isa = PBXBuildFile; fileRef = 9CB2B11B21ED201B003457F3 /* LaunchScreen.storyboard */; };
		9CB2B12021ED201B003457F3 /* main.m in Sources */ = {isa = PBXBuildFile; fileRef = 9CB2B11F21ED201B003457F3 /* main.m */; };
		9CB2B12A21ED201C003457F3 /* Job4UTests.m in Sources */ = {isa = PBXBuildFile; fileRef = 9CB2B12921ED201C003457F3 /* Job4UTests.m */; };
		9CB2B13D21ED389E003457F3 /* LoginButton.m in Sources */ = {isa = PBXBuildFile; fileRef = 9CB2B13C21ED389E003457F3 /* LoginButton.m */; };
		9CB2B14621ED5183003457F3 /* AppCoordinator.m in Sources */ = {isa = PBXBuildFile; fileRef = 9CB2B14521ED5183003457F3 /* AppCoordinator.m */; };
		9CB2B15421EE04AA003457F3 /* SignInViewController.m in Sources */ = {isa = PBXBuildFile; fileRef = 9CB2B15321EE04AA003457F3 /* SignInViewController.m */; };
		9CB2B15821EE0618003457F3 /* RegisterViewController.m in Sources */ = {isa = PBXBuildFile; fileRef = 9CB2B15721EE0618003457F3 /* RegisterViewController.m */; };
		9CB2B16121EE17FF003457F3 /* LoginViewModel.m in Sources */ = {isa = PBXBuildFile; fileRef = 9CB2B16021EE17FF003457F3 /* LoginViewModel.m */; };
		9CB2B16421EE181F003457F3 /* SignInViewModel.m in Sources */ = {isa = PBXBuildFile; fileRef = 9CB2B16321EE181F003457F3 /* SignInViewModel.m */; };
		9CB2B16721EE183A003457F3 /* RegisterViewModel.m in Sources */ = {isa = PBXBuildFile; fileRef = 9CB2B16621EE183A003457F3 /* RegisterViewModel.m */; };
		9CB2B16D21EE76B7003457F3 /* DashboardViewController.m in Sources */ = {isa = PBXBuildFile; fileRef = 9CB2B16C21EE76B7003457F3 /* DashboardViewController.m */; };
		9CB2B17021EE76E6003457F3 /* DashboardViewModel.m in Sources */ = {isa = PBXBuildFile; fileRef = 9CB2B16F21EE76E6003457F3 /* DashboardViewModel.m */; };
		9CB2B17321EE7AEE003457F3 /* DashboardCoordinator.m in Sources */ = {isa = PBXBuildFile; fileRef = 9CB2B17221EE7AEE003457F3 /* DashboardCoordinator.m */; };
/* End PBXBuildFile section */

/* Begin PBXContainerItemProxy section */
		9CB2B12621ED201C003457F3 /* PBXContainerItemProxy */ = {
			isa = PBXContainerItemProxy;
			containerPortal = 9CB2B10521ED2019003457F3 /* Project object */;
			proxyType = 1;
			remoteGlobalIDString = 9CB2B10C21ED2019003457F3;
			remoteInfo = Job4U;
		};
/* End PBXContainerItemProxy section */

/* Begin PBXFileReference section */
		9CB2B10D21ED2019003457F3 /* Job4U.app */ = {isa = PBXFileReference; explicitFileType = wrapper.application; includeInIndex = 0; path = Job4U.app; sourceTree = BUILT_PRODUCTS_DIR; };
		9CB2B11021ED2019003457F3 /* AppDelegate.h */ = {isa = PBXFileReference; lastKnownFileType = sourcecode.c.h; path = AppDelegate.h; sourceTree = "<group>"; };
		9CB2B11121ED2019003457F3 /* AppDelegate.m */ = {isa = PBXFileReference; lastKnownFileType = sourcecode.c.objc; path = AppDelegate.m; sourceTree = "<group>"; };
		9CB2B11321ED2019003457F3 /* LoginViewController.h */ = {isa = PBXFileReference; lastKnownFileType = sourcecode.c.h; path = LoginViewController.h; sourceTree = "<group>"; };
		9CB2B11421ED2019003457F3 /* LoginViewController.m */ = {isa = PBXFileReference; lastKnownFileType = sourcecode.c.objc; path = LoginViewController.m; sourceTree = "<group>"; };
		9CB2B11721ED2019003457F3 /* Base */ = {isa = PBXFileReference; lastKnownFileType = file.storyboard; name = Base; path = Base.lproj/Main.storyboard; sourceTree = "<group>"; };
		9CB2B11921ED201B003457F3 /* Assets.xcassets */ = {isa = PBXFileReference; lastKnownFileType = folder.assetcatalog; path = Assets.xcassets; sourceTree = "<group>"; };
		9CB2B11C21ED201B003457F3 /* Base */ = {isa = PBXFileReference; lastKnownFileType = file.storyboard; name = Base; path = Base.lproj/LaunchScreen.storyboard; sourceTree = "<group>"; };
		9CB2B11E21ED201B003457F3 /* Info.plist */ = {isa = PBXFileReference; lastKnownFileType = text.plist.xml; path = Info.plist; sourceTree = "<group>"; };
		9CB2B11F21ED201B003457F3 /* main.m */ = {isa = PBXFileReference; lastKnownFileType = sourcecode.c.objc; path = main.m; sourceTree = "<group>"; };
		9CB2B12521ED201C003457F3 /* Job4UTests.xctest */ = {isa = PBXFileReference; explicitFileType = wrapper.cfbundle; includeInIndex = 0; path = Job4UTests.xctest; sourceTree = BUILT_PRODUCTS_DIR; };
		9CB2B12921ED201C003457F3 /* Job4UTests.m */ = {isa = PBXFileReference; lastKnownFileType = sourcecode.c.objc; path = Job4UTests.m; sourceTree = "<group>"; };
		9CB2B12B21ED201C003457F3 /* Info.plist */ = {isa = PBXFileReference; lastKnownFileType = text.plist.xml; path = Info.plist; sourceTree = "<group>"; };
		9CB2B13B21ED36FE003457F3 /* LoginButton.h */ = {isa = PBXFileReference; lastKnownFileType = sourcecode.c.h; path = LoginButton.h; sourceTree = "<group>"; };
		9CB2B13C21ED389E003457F3 /* LoginButton.m */ = {isa = PBXFileReference; lastKnownFileType = sourcecode.c.objc; path = LoginButton.m; sourceTree = "<group>"; };
		9CB2B14321ED4ECD003457F3 /* Coordinator.h */ = {isa = PBXFileReference; lastKnownFileType = sourcecode.c.h; path = Coordinator.h; sourceTree = "<group>"; };
		9CB2B14421ED506B003457F3 /* AppCoordinator.h */ = {isa = PBXFileReference; lastKnownFileType = sourcecode.c.h; path = AppCoordinator.h; sourceTree = "<group>"; };
		9CB2B14521ED5183003457F3 /* AppCoordinator.m */ = {isa = PBXFileReference; lastKnownFileType = sourcecode.c.objc; path = AppCoordinator.m; sourceTree = "<group>"; };
		9CB2B15321EE04AA003457F3 /* SignInViewController.m */ = {isa = PBXFileReference; lastKnownFileType = sourcecode.c.objc; path = SignInViewController.m; sourceTree = "<group>"; };
		9CB2B15521EE04BD003457F3 /* SignInViewController.h */ = {isa = PBXFileReference; lastKnownFileType = sourcecode.c.h; path = SignInViewController.h; sourceTree = "<group>"; };
		9CB2B15621EE0608003457F3 /* RegisterViewController.h */ = {isa = PBXFileReference; lastKnownFileType = sourcecode.c.h; path = RegisterViewController.h; sourceTree = "<group>"; };
		9CB2B15721EE0618003457F3 /* RegisterViewController.m */ = {isa = PBXFileReference; lastKnownFileType = sourcecode.c.objc; path = RegisterViewController.m; sourceTree = "<group>"; };
		9CB2B15F21EE17E7003457F3 /* LoginViewModel.h */ = {isa = PBXFileReference; lastKnownFileType = sourcecode.c.h; path = LoginViewModel.h; sourceTree = "<group>"; };
		9CB2B16021EE17FF003457F3 /* LoginViewModel.m */ = {isa = PBXFileReference; lastKnownFileType = sourcecode.c.objc; path = LoginViewModel.m; sourceTree = "<group>"; };
		9CB2B16221EE1811003457F3 /* SignInViewModel.h */ = {isa = PBXFileReference; lastKnownFileType = sourcecode.c.h; path = SignInViewModel.h; sourceTree = "<group>"; };
		9CB2B16321EE181F003457F3 /* SignInViewModel.m */ = {isa = PBXFileReference; lastKnownFileType = sourcecode.c.objc; path = SignInViewModel.m; sourceTree = "<group>"; };
		9CB2B16521EE182B003457F3 /* RegisterViewModel.h */ = {isa = PBXFileReference; lastKnownFileType = sourcecode.c.h; path = RegisterViewModel.h; sourceTree = "<group>"; };
		9CB2B16621EE183A003457F3 /* RegisterViewModel.m */ = {isa = PBXFileReference; lastKnownFileType = sourcecode.c.objc; path = RegisterViewModel.m; sourceTree = "<group>"; };
		9CB2B16B21EE765D003457F3 /* DashboardViewController.h */ = {isa = PBXFileReference; lastKnownFileType = sourcecode.c.h; path = DashboardViewController.h; sourceTree = "<group>"; };
		9CB2B16C21EE76B7003457F3 /* DashboardViewController.m */ = {isa = PBXFileReference; lastKnownFileType = sourcecode.c.objc; path = DashboardViewController.m; sourceTree = "<group>"; };
		9CB2B16E21EE76D0003457F3 /* DashboardViewModel.h */ = {isa = PBXFileReference; lastKnownFileType = sourcecode.c.h; path = DashboardViewModel.h; sourceTree = "<group>"; };
		9CB2B16F21EE76E6003457F3 /* DashboardViewModel.m */ = {isa = PBXFileReference; lastKnownFileType = sourcecode.c.objc; path = DashboardViewModel.m; sourceTree = "<group>"; };
		9CB2B17121EE7ADE003457F3 /* DashboardCoordinator.h */ = {isa = PBXFileReference; lastKnownFileType = sourcecode.c.h; path = DashboardCoordinator.h; sourceTree = "<group>"; };
		9CB2B17221EE7AEE003457F3 /* DashboardCoordinator.m */ = {isa = PBXFileReference; lastKnownFileType = sourcecode.c.objc; path = DashboardCoordinator.m; sourceTree = "<group>"; };
/* End PBXFileReference section */

/* Begin PBXFrameworksBuildPhase section */
		9CB2B10A21ED2019003457F3 /* Frameworks */ = {
			isa = PBXFrameworksBuildPhase;
			buildActionMask = 2147483647;
			files = (
			);
			runOnlyForDeploymentPostprocessing = 0;
		};
		9CB2B12221ED201C003457F3 /* Frameworks */ = {
			isa = PBXFrameworksBuildPhase;
			buildActionMask = 2147483647;
			files = (
			);
			runOnlyForDeploymentPostprocessing = 0;
		};
/* End PBXFrameworksBuildPhase section */

/* Begin PBXGroup section */
		9CB2B10421ED2019003457F3 = {
			isa = PBXGroup;
			children = (
				9CB2B10F21ED2019003457F3 /* Job4U */,
				9CB2B12821ED201C003457F3 /* Job4UTests */,
				9CB2B10E21ED2019003457F3 /* Products */,
			);
			sourceTree = "<group>";
		};
		9CB2B10E21ED2019003457F3 /* Products */ = {
			isa = PBXGroup;
			children = (
				9CB2B10D21ED2019003457F3 /* Job4U.app */,
				9CB2B12521ED201C003457F3 /* Job4UTests.xctest */,
			);
			name = Products;
			sourceTree = "<group>";
		};
		9CB2B10F21ED2019003457F3 /* Job4U */ = {
			isa = PBXGroup;
			children = (
				9CB2B16A21EE763E003457F3 /* Dashboard */,
				9CB2B13621ED3519003457F3 /* ViewComponents */,
				9CB2B13421ED2683003457F3 /* Login */,
				9CB2B13E21ED4ABB003457F3 /* Coordinator */,
				9CB2B11021ED2019003457F3 /* AppDelegate.h */,
				9CB2B11121ED2019003457F3 /* AppDelegate.m */,
				9CB2B11621ED2019003457F3 /* Main.storyboard */,
				9CB2B11921ED201B003457F3 /* Assets.xcassets */,
				9CB2B11B21ED201B003457F3 /* LaunchScreen.storyboard */,
				9CB2B11E21ED201B003457F3 /* Info.plist */,
				9CB2B11F21ED201B003457F3 /* main.m */,
			);
			path = Job4U;
			sourceTree = "<group>";
		};
		9CB2B12821ED201C003457F3 /* Job4UTests */ = {
			isa = PBXGroup;
			children = (
				9CB2B12921ED201C003457F3 /* Job4UTests.m */,
				9CB2B12B21ED201C003457F3 /* Info.plist */,
			);
			path = Job4UTests;
			sourceTree = "<group>";
		};
		9CB2B13421ED2683003457F3 /* Login */ = {
			isa = PBXGroup;
			children = (
				9CB2B16821EE1880003457F3 /* ViewControllers */,
				9CB2B16921EE1920003457F3 /* ViewModels */,
			);
			path = Login;
			sourceTree = "<group>";
		};
		9CB2B13621ED3519003457F3 /* ViewComponents */ = {
			isa = PBXGroup;
			children = (
				9CB2B13B21ED36FE003457F3 /* LoginButton.h */,
				9CB2B13C21ED389E003457F3 /* LoginButton.m */,
			);
			path = ViewComponents;
			sourceTree = "<group>";
		};
		9CB2B13E21ED4ABB003457F3 /* Coordinator */ = {
			isa = PBXGroup;
			children = (
				9CB2B14321ED4ECD003457F3 /* Coordinator.h */,
				9CB2B14421ED506B003457F3 /* AppCoordinator.h */,
				9CB2B14521ED5183003457F3 /* AppCoordinator.m */,
				9CB2B17121EE7ADE003457F3 /* DashboardCoordinator.h */,
				9CB2B17221EE7AEE003457F3 /* DashboardCoordinator.m */,
			);
			path = Coordinator;
			sourceTree = "<group>";
		};
		9CB2B16821EE1880003457F3 /* ViewControllers */ = {
			isa = PBXGroup;
			children = (
				9CB2B11321ED2019003457F3 /* LoginViewController.h */,
				9CB2B11421ED2019003457F3 /* LoginViewController.m */,
				9CB2B15521EE04BD003457F3 /* SignInViewController.h */,
				9CB2B15321EE04AA003457F3 /* SignInViewController.m */,
				9CB2B15621EE0608003457F3 /* RegisterViewController.h */,
				9CB2B15721EE0618003457F3 /* RegisterViewController.m */,
			);
			path = ViewControllers;
			sourceTree = "<group>";
		};
		9CB2B16921EE1920003457F3 /* ViewModels */ = {
			isa = PBXGroup;
			children = (
				9CB2B15F21EE17E7003457F3 /* LoginViewModel.h */,
				9CB2B16021EE17FF003457F3 /* LoginViewModel.m */,
				9CB2B16221EE1811003457F3 /* SignInViewModel.h */,
				9CB2B16321EE181F003457F3 /* SignInViewModel.m */,
				9CB2B16521EE182B003457F3 /* RegisterViewModel.h */,
				9CB2B16621EE183A003457F3 /* RegisterViewModel.m */,
			);
			path = ViewModels;
			sourceTree = "<group>";
		};
		9CB2B16A21EE763E003457F3 /* Dashboard */ = {
			isa = PBXGroup;
			children = (
				9CB2B16B21EE765D003457F3 /* DashboardViewController.h */,
				9CB2B16C21EE76B7003457F3 /* DashboardViewController.m */,
				9CB2B16E21EE76D0003457F3 /* DashboardViewModel.h */,
				9CB2B16F21EE76E6003457F3 /* DashboardViewModel.m */,
			);
			path = Dashboard;
			sourceTree = "<group>";
		};
/* End PBXGroup section */

/* Begin PBXNativeTarget section */
		9CB2B10C21ED2019003457F3 /* Job4U */ = {
			isa = PBXNativeTarget;
			buildConfigurationList = 9CB2B12E21ED201C003457F3 /* Build configuration list for PBXNativeTarget "Job4U" */;
			buildPhases = (
				9CB2B10921ED2019003457F3 /* Sources */,
				9CB2B10A21ED2019003457F3 /* Frameworks */,
				9CB2B10B21ED2019003457F3 /* Resources */,
			);
			buildRules = (
			);
			dependencies = (
			);
			name = Job4U;
			productName = Job4U;
			productReference = 9CB2B10D21ED2019003457F3 /* Job4U.app */;
			productType = "com.apple.product-type.application";
		};
		9CB2B12421ED201C003457F3 /* Job4UTests */ = {
			isa = PBXNativeTarget;
			buildConfigurationList = 9CB2B13121ED201C003457F3 /* Build configuration list for PBXNativeTarget "Job4UTests" */;
			buildPhases = (
				9CB2B12121ED201C003457F3 /* Sources */,
				9CB2B12221ED201C003457F3 /* Frameworks */,
				9CB2B12321ED201C003457F3 /* Resources */,
			);
			buildRules = (
			);
			dependencies = (
				9CB2B12721ED201C003457F3 /* PBXTargetDependency */,
			);
			name = Job4UTests;
			productName = Job4UTests;
			productReference = 9CB2B12521ED201C003457F3 /* Job4UTests.xctest */;
			productType = "com.apple.product-type.bundle.unit-test";
		};
/* End PBXNativeTarget section */

/* Begin PBXProject section */
		9CB2B10521ED2019003457F3 /* Project object */ = {
			isa = PBXProject;
			attributes = {
				LastUpgradeCheck = 1010;
				ORGANIZATIONNAME = "Matthew Dovey";
				TargetAttributes = {
					9CB2B10C21ED2019003457F3 = {
						CreatedOnToolsVersion = 10.1;
					};
					9CB2B12421ED201C003457F3 = {
						CreatedOnToolsVersion = 10.1;
						TestTargetID = 9CB2B10C21ED2019003457F3;
					};
				};
			};
			buildConfigurationList = 9CB2B10821ED2019003457F3 /* Build configuration list for PBXProject "Job4U" */;
			compatibilityVersion = "Xcode 9.3";
			developmentRegion = en;
			hasScannedForEncodings = 0;
			knownRegions = (
				en,
				Base,
			);
			mainGroup = 9CB2B10421ED2019003457F3;
			productRefGroup = 9CB2B10E21ED2019003457F3 /* Products */;
			projectDirPath = "";
			projectRoot = "";
			targets = (
				9CB2B10C21ED2019003457F3 /* Job4U */,
				9CB2B12421ED201C003457F3 /* Job4UTests */,
			);
		};
/* End PBXProject section */

/* Begin PBXResourcesBuildPhase section */
		9CB2B10B21ED2019003457F3 /* Resources */ = {
			isa = PBXResourcesBuildPhase;
			buildActionMask = 2147483647;
			files = (
				9CB2B11D21ED201B003457F3 /* LaunchScreen.storyboard in Resources */,
				9CB2B11A21ED201B003457F3 /* Assets.xcassets in Resources */,
				9CB2B11821ED2019003457F3 /* Main.storyboard in Resources */,
			);
			runOnlyForDeploymentPostprocessing = 0;
		};
		9CB2B12321ED201C003457F3 /* Resources */ = {
			isa = PBXResourcesBuildPhase;
			buildActionMask = 2147483647;
			files = (
			);
			runOnlyForDeploymentPostprocessing = 0;
		};
/* End PBXResourcesBuildPhase section */

/* Begin PBXSourcesBuildPhase section */
		9CB2B10921ED2019003457F3 /* Sources */ = {
			isa = PBXSourcesBuildPhase;
			buildActionMask = 2147483647;
			files = (
				9CB2B16121EE17FF003457F3 /* LoginViewModel.m in Sources */,
				9CB2B11521ED2019003457F3 /* LoginViewController.m in Sources */,
				9CB2B17021EE76E6003457F3 /* DashboardViewModel.m in Sources */,
				9CB2B13D21ED389E003457F3 /* LoginButton.m in Sources */,
				9CB2B16421EE181F003457F3 /* SignInViewModel.m in Sources */,
				9CB2B12021ED201B003457F3 /* main.m in Sources */,
				9CB2B16D21EE76B7003457F3 /* DashboardViewController.m in Sources */,
				9CB2B17321EE7AEE003457F3 /* DashboardCoordinator.m in Sources */,
				9CB2B16721EE183A003457F3 /* RegisterViewModel.m in Sources */,
				9CB2B14621ED5183003457F3 /* AppCoordinator.m in Sources */,
				9CB2B15821EE0618003457F3 /* RegisterViewController.m in Sources */,
				9CB2B15421EE04AA003457F3 /* SignInViewController.m in Sources */,
				9CB2B11221ED2019003457F3 /* AppDelegate.m in Sources */,
			);
			runOnlyForDeploymentPostprocessing = 0;
		};
		9CB2B12121ED201C003457F3 /* Sources */ = {
			isa = PBXSourcesBuildPhase;
			buildActionMask = 2147483647;
			files = (
				9CB2B12A21ED201C003457F3 /* Job4UTests.m in Sources */,
			);
			runOnlyForDeploymentPostprocessing = 0;
		};
/* End PBXSourcesBuildPhase section */

/* Begin PBXTargetDependency section */
		9CB2B12721ED201C003457F3 /* PBXTargetDependency */ = {
			isa = PBXTargetDependency;
			target = 9CB2B10C21ED2019003457F3 /* Job4U */;
			targetProxy = 9CB2B12621ED201C003457F3 /* PBXContainerItemProxy */;
		};
/* End PBXTargetDependency section */

/* Begin PBXVariantGroup section */
		9CB2B11621ED2019003457F3 /* Main.storyboard */ = {
			isa = PBXVariantGroup;
			children = (
				9CB2B11721ED2019003457F3 /* Base */,
			);
			name = Main.storyboard;
			sourceTree = "<group>";
		};
		9CB2B11B21ED201B003457F3 /* LaunchScreen.storyboard */ = {
			isa = PBXVariantGroup;
			children = (
				9CB2B11C21ED201B003457F3 /* Base */,
			);
			name = LaunchScreen.storyboard;
			sourceTree = "<group>";
		};
/* End PBXVariantGroup section */

/* Begin XCBuildConfiguration section */
		9CB2B12C21ED201C003457F3 /* Debug */ = {
			isa = XCBuildConfiguration;
			buildSettings = {
				ALWAYS_SEARCH_USER_PATHS = NO;
				CLANG_ANALYZER_NONNULL = YES;
				CLANG_ANALYZER_NUMBER_OBJECT_CONVERSION = YES_AGGRESSIVE;
				CLANG_CXX_LANGUAGE_STANDARD = "gnu++14";
				CLANG_CXX_LIBRARY = "libc++";
				CLANG_ENABLE_MODULES = YES;
				CLANG_ENABLE_OBJC_ARC = YES;
				CLANG_ENABLE_OBJC_WEAK = YES;
				CLANG_WARN_BLOCK_CAPTURE_AUTORELEASING = YES;
				CLANG_WARN_BOOL_CONVERSION = YES;
				CLANG_WARN_COMMA = YES;
				CLANG_WARN_CONSTANT_CONVERSION = YES;
				CLANG_WARN_DEPRECATED_OBJC_IMPLEMENTATIONS = YES;
				CLANG_WARN_DIRECT_OBJC_ISA_USAGE = YES_ERROR;
				CLANG_WARN_DOCUMENTATION_COMMENTS = YES;
				CLANG_WARN_EMPTY_BODY = YES;
				CLANG_WARN_ENUM_CONVERSION = YES;
				CLANG_WARN_INFINITE_RECURSION = YES;
				CLANG_WARN_INT_CONVERSION = YES;
				CLANG_WARN_NON_LITERAL_NULL_CONVERSION = YES;
				CLANG_WARN_OBJC_IMPLICIT_RETAIN_SELF = YES;
				CLANG_WARN_OBJC_LITERAL_CONVERSION = YES;
				CLANG_WARN_OBJC_ROOT_CLASS = YES_ERROR;
				CLANG_WARN_RANGE_LOOP_ANALYSIS = YES;
				CLANG_WARN_STRICT_PROTOTYPES = YES;
				CLANG_WARN_SUSPICIOUS_MOVE = YES;
				CLANG_WARN_UNGUARDED_AVAILABILITY = YES_AGGRESSIVE;
				CLANG_WARN_UNREACHABLE_CODE = YES;
				CLANG_WARN__DUPLICATE_METHOD_MATCH = YES;
				CODE_SIGN_IDENTITY = "iPhone Developer";
				COPY_PHASE_STRIP = NO;
				DEBUG_INFORMATION_FORMAT = dwarf;
				ENABLE_STRICT_OBJC_MSGSEND = YES;
				ENABLE_TESTABILITY = YES;
				GCC_C_LANGUAGE_STANDARD = gnu11;
				GCC_DYNAMIC_NO_PIC = NO;
				GCC_NO_COMMON_BLOCKS = YES;
				GCC_OPTIMIZATION_LEVEL = 0;
				GCC_PREPROCESSOR_DEFINITIONS = (
					"DEBUG=1",
					"$(inherited)",
				);
				GCC_WARN_64_TO_32_BIT_CONVERSION = YES;
				GCC_WARN_ABOUT_RETURN_TYPE = YES_ERROR;
				GCC_WARN_UNDECLARED_SELECTOR = YES;
				GCC_WARN_UNINITIALIZED_AUTOS = YES_AGGRESSIVE;
				GCC_WARN_UNUSED_FUNCTION = YES;
				GCC_WARN_UNUSED_VARIABLE = YES;
				IPHONEOS_DEPLOYMENT_TARGET = 12.1;
				MTL_ENABLE_DEBUG_INFO = INCLUDE_SOURCE;
				MTL_FAST_MATH = YES;
				ONLY_ACTIVE_ARCH = YES;
				SDKROOT = iphoneos;
			};
			name = Debug;
		};
		9CB2B12D21ED201C003457F3 /* Release */ = {
			isa = XCBuildConfiguration;
			buildSettings = {
				ALWAYS_SEARCH_USER_PATHS = NO;
				CLANG_ANALYZER_NONNULL = YES;
				CLANG_ANALYZER_NUMBER_OBJECT_CONVERSION = YES_AGGRESSIVE;
				CLANG_CXX_LANGUAGE_STANDARD = "gnu++14";
				CLANG_CXX_LIBRARY = "libc++";
				CLANG_ENABLE_MODULES = YES;
				CLANG_ENABLE_OBJC_ARC = YES;
				CLANG_ENABLE_OBJC_WEAK = YES;
				CLANG_WARN_BLOCK_CAPTURE_AUTORELEASING = YES;
				CLANG_WARN_BOOL_CONVERSION = YES;
				CLANG_WARN_COMMA = YES;
				CLANG_WARN_CONSTANT_CONVERSION = YES;
				CLANG_WARN_DEPRECATED_OBJC_IMPLEMENTATIONS = YES;
				CLANG_WARN_DIRECT_OBJC_ISA_USAGE = YES_ERROR;
				CLANG_WARN_DOCUMENTATION_COMMENTS = YES;
				CLANG_WARN_EMPTY_BODY = YES;
				CLANG_WARN_ENUM_CONVERSION = YES;
				CLANG_WARN_INFINITE_RECURSION = YES;
				CLANG_WARN_INT_CONVERSION = YES;
				CLANG_WARN_NON_LITERAL_NULL_CONVERSION = YES;
				CLANG_WARN_OBJC_IMPLICIT_RETAIN_SELF = YES;
				CLANG_WARN_OBJC_LITERAL_CONVERSION = YES;
				CLANG_WARN_OBJC_ROOT_CLASS = YES_ERROR;
				CLANG_WARN_RANGE_LOOP_ANALYSIS = YES;
				CLANG_WARN_STRICT_PROTOTYPES = YES;
				CLANG_WARN_SUSPICIOUS_MOVE = YES;
				CLANG_WARN_UNGUARDED_AVAILABILITY = YES_AGGRESSIVE;
				CLANG_WARN_UNREACHABLE_CODE = YES;
				CLANG_WARN__DUPLICATE_METHOD_MATCH = YES;
				CODE_SIGN_IDENTITY = "iPhone Developer";
				COPY_PHASE_STRIP = NO;
				DEBUG_INFORMATION_FORMAT = "dwarf-with-dsym";
				ENABLE_NS_ASSERTIONS = NO;
				ENABLE_STRICT_OBJC_MSGSEND = YES;
				GCC_C_LANGUAGE_STANDARD = gnu11;
				GCC_NO_COMMON_BLOCKS = YES;
				GCC_WARN_64_TO_32_BIT_CONVERSION = YES;
				GCC_WARN_ABOUT_RETURN_TYPE = YES_ERROR;
				GCC_WARN_UNDECLARED_SELECTOR = YES;
				GCC_WARN_UNINITIALIZED_AUTOS = YES_AGGRESSIVE;
				GCC_WARN_UNUSED_FUNCTION = YES;
				GCC_WARN_UNUSED_VARIABLE = YES;
				IPHONEOS_DEPLOYMENT_TARGET = 12.1;
				MTL_ENABLE_DEBUG_INFO = NO;
				MTL_FAST_MATH = YES;
				SDKROOT = iphoneos;
				VALIDATE_PRODUCT = YES;
			};
			name = Release;
		};
		9CB2B12F21ED201C003457F3 /* Debug */ = {
			isa = XCBuildConfiguration;
			buildSettings = {
				ASSETCATALOG_COMPILER_APPICON_NAME = AppIcon;
				CODE_SIGN_STYLE = Automatic;
				DEVELOPMENT_TEAM = 34DLF95UH4;
				INFOPLIST_FILE = Job4U/Info.plist;
				IPHONEOS_DEPLOYMENT_TARGET = 10.0;
				LD_RUNPATH_SEARCH_PATHS = (
					"$(inherited)",
					"@executable_path/Frameworks",
				);
				PRODUCT_BUNDLE_IDENTIFIER = com.follow.Job4U;
				PRODUCT_NAME = "$(TARGET_NAME)";
				TARGETED_DEVICE_FAMILY = 1;
			};
			name = Debug;
		};
		9CB2B13021ED201C003457F3 /* Release */ = {
			isa = XCBuildConfiguration;
			buildSettings = {
				ASSETCATALOG_COMPILER_APPICON_NAME = AppIcon;
				CODE_SIGN_STYLE = Automatic;
				DEVELOPMENT_TEAM = 34DLF95UH4;
				INFOPLIST_FILE = Job4U/Info.plist;
				IPHONEOS_DEPLOYMENT_TARGET = 10.0;
				LD_RUNPATH_SEARCH_PATHS = (
					"$(inherited)",
					"@executable_path/Frameworks",
				);
				PRODUCT_BUNDLE_IDENTIFIER = com.follow.Job4U;
				PRODUCT_NAME = "$(TARGET_NAME)";
				TARGETED_DEVICE_FAMILY = 1;
			};
			name = Release;
		};
		9CB2B13221ED201C003457F3 /* Debug */ = {
			isa = XCBuildConfiguration;
			buildSettings = {
				BUNDLE_LOADER = "$(TEST_HOST)";
				CODE_SIGN_STYLE = Automatic;
				DEVELOPMENT_TEAM = 34DLF95UH4;
				INFOPLIST_FILE = Job4UTests/Info.plist;
				LD_RUNPATH_SEARCH_PATHS = (
					"$(inherited)",
					"@executable_path/Frameworks",
					"@loader_path/Frameworks",
				);
				PRODUCT_BUNDLE_IDENTIFIER = com.follow.Job4UTests;
				PRODUCT_NAME = "$(TARGET_NAME)";
				TARGETED_DEVICE_FAMILY = "1,2";
				TEST_HOST = "$(BUILT_PRODUCTS_DIR)/Job4U.app/Job4U";
			};
			name = Debug;
		};
		9CB2B13321ED201C003457F3 /* Release */ = {
			isa = XCBuildConfiguration;
			buildSettings = {
				BUNDLE_LOADER = "$(TEST_HOST)";
				CODE_SIGN_STYLE = Automatic;
				DEVELOPMENT_TEAM = 34DLF95UH4;
				INFOPLIST_FILE = Job4UTests/Info.plist;
				LD_RUNPATH_SEARCH_PATHS = (
					"$(inherited)",
					"@executable_path/Frameworks",
					"@loader_path/Frameworks",
				);
				PRODUCT_BUNDLE_IDENTIFIER = com.follow.Job4UTests;
				PRODUCT_NAME = "$(TARGET_NAME)";
				TARGETED_DEVICE_FAMILY = "1,2";
				TEST_HOST = "$(BUILT_PRODUCTS_DIR)/Job4U.app/Job4U";
			};
			name = Release;
		};
/* End XCBuildConfiguration section */

/* Begin XCConfigurationList section */
		9CB2B10821ED2019003457F3 /* Build configuration list for PBXProject "Job4U" */ = {
			isa = XCConfigurationList;
			buildConfigurations = (
				9CB2B12C21ED201C003457F3 /* Debug */,
				9CB2B12D21ED201C003457F3 /* Release */,
			);
			defaultConfigurationIsVisible = 0;
			defaultConfigurationName = Release;
		};
		9CB2B12E21ED201C003457F3 /* Build configuration list for PBXNativeTarget "Job4U" */ = {
			isa = XCConfigurationList;
			buildConfigurations = (
				9CB2B12F21ED201C003457F3 /* Debug */,
				9CB2B13021ED201C003457F3 /* Release */,
			);
			defaultConfigurationIsVisible = 0;
			defaultConfigurationName = Release;
		};
		9CB2B13121ED201C003457F3 /* Build configuration list for PBXNativeTarget "Job4UTests" */ = {
			isa = XCConfigurationList;
			buildConfigurations = (
				9CB2B13221ED201C003457F3 /* Debug */,
				9CB2B13321ED201C003457F3 /* Release */,
			);
			defaultConfigurationIsVisible = 0;
			defaultConfigurationName = Release;
		};
/* End XCConfigurationList section */
	};
	rootObject = 9CB2B10521ED2019003457F3 /* Project object */;
}
